
Microsoft Visual Studio Solution File, Format Version 12.00
# Visual Studio Version 16
VisualStudioVersion = 16.0.30804.86
MinimumVisualStudioVersion = 10.0.40219.1
Project("{FAE04EC0-301F-11D3-BF4B-00C04F79EFBC}") = "RealTimeChatsApi", "RealTimeChatsApi\RealTimeChatsApi.csproj", "{DFDEF32D-89DA-409E-B743-DCF5A07AC910}"
EndProject
Global
	GlobalSection(SolutionConfigurationPlatforms) = preSolution
		Debug|Any CPU = Debug|Any CPU
		Release|Any CPU = Release|Any CPU
	EndGlobalSection
	GlobalSection(ProjectConfigurationPlatforms) = postSolution
		{DFDEF32D-89DA-409E-B743-DCF5A07AC910}.Debug|Any CPU.ActiveCfg = Debug|Any CPU
		{DFDEF32D-89DA-409E-B743-DCF5A07AC910}.Debug|Any CPU.Build.0 = Debug|Any CPU
		{DFDEF32D-89DA-409E-B743-DCF5A07AC910}.Release|Any CPU.ActiveCfg = Release|Any CPU
		{DFDEF32D-89DA-409E-B743-DCF5A07AC910}.Release|Any CPU.Build.0 = Release|Any CPU
	EndGlobalSection
	GlobalSection(SolutionProperties) = preSolution
		HideSolutionNode = FALSE
	EndGlobalSection
	GlobalSection(ExtensibilityGlobals) = postSolution
		SolutionGuid = {39CC41C2-C2A6-41C6-B260-A094B40C8388}
	EndGlobalSection
EndGlobal
